
Microsoft Visual Studio Solution File, Format Version 12.00
# Visual Studio Version 17
VisualStudioVersion = 17.12.35521.163
MinimumVisualStudioVersion = 10.0.40219.1
Project("{FAE04EC0-301F-11D3-BF4B-00C04F79EFBC}") = "DiGi.GIS.ML", "DiGi.GIS.ML\DiGi.GIS.ML.csproj", "{91308447-85FF-4FF1-A473-F15635FB4B28}"
EndProject
Project("{FAE04EC0-301F-11D3-BF4B-00C04F79EFBC}") = "OrtoBuildingDetectionModelConsoleApp", "OrtoBuildingDetectionModelConsoleApp\OrtoBuildingDetectionModelConsoleApp.csproj", "{F8CB763D-C1CF-FF6E-F4E7-75DC27E13560}"
EndProject
Project("{2150E333-8FDC-42A3-9474-1A3956D46DE8}") = "Solution Items", "Solution Items", "{8EC462FD-D22E-90A8-E5CE-7E832BA40C5D}"
	ProjectSection(SolutionItems) = preProject
		.editorconfig = .editorconfig
		Directory.Build.props = Directory.Build.props
	EndProjectSection
EndProject
Global
	GlobalSection(SolutionConfigurationPlatforms) = preSolution
		Debug|Any CPU = Debug|Any CPU
		Release|Any CPU = Release|Any CPU
	EndGlobalSection
	GlobalSection(ProjectConfigurationPlatforms) = postSolution
		{91308447-85FF-4FF1-A473-F15635FB4B28}.Debug|Any CPU.ActiveCfg = Debug|Any CPU
		{91308447-85FF-4FF1-A473-F15635FB4B28}.Debug|Any CPU.Build.0 = Debug|Any CPU
		{91308447-85FF-4FF1-A473-F15635FB4B28}.Release|Any CPU.ActiveCfg = Release|Any CPU
		{91308447-85FF-4FF1-A473-F15635FB4B28}.Release|Any CPU.Build.0 = Release|Any CPU
		{F8CB763D-C1CF-FF6E-F4E7-75DC27E13560}.Debug|Any CPU.ActiveCfg = Debug|Any CPU
		{F8CB763D-C1CF-FF6E-F4E7-75DC27E13560}.Debug|Any CPU.Build.0 = Debug|Any CPU
		{F8CB763D-C1CF-FF6E-F4E7-75DC27E13560}.Release|Any CPU.ActiveCfg = Release|Any CPU
		{F8CB763D-C1CF-FF6E-F4E7-75DC27E13560}.Release|Any CPU.Build.0 = Release|Any CPU
	EndGlobalSection
	GlobalSection(SolutionProperties) = preSolution
		HideSolutionNode = FALSE
	EndGlobalSection
EndGlobal
